
Microsoft Visual Studio Solution File, Format Version 12.00
# Visual Studio Version 17
VisualStudioVersion = 17.6.33815.320
MinimumVisualStudioVersion = 10.0.40219.1
Project("{FAE04EC0-301F-11D3-BF4B-00C04F79EFBC}") = "Project21API_Db", "Project21API_Db\Project21API_Db.csproj", "{6C52C058-CDBE-4449-B224-60E7AA40B291}"
EndProject
Global
	GlobalSection(SolutionConfigurationPlatforms) = preSolution
		Debug|Any CPU = Debug|Any CPU
		Release|Any CPU = Release|Any CPU
	EndGlobalSection
	GlobalSection(ProjectConfigurationPlatforms) = postSolution
		{6C52C058-CDBE-4449-B224-60E7AA40B291}.Debug|Any CPU.ActiveCfg = Debug|Any CPU
		{6C52C058-CDBE-4449-B224-60E7AA40B291}.Debug|Any CPU.Build.0 = Debug|Any CPU
		{6C52C058-CDBE-4449-B224-60E7AA40B291}.Release|Any CPU.ActiveCfg = Release|Any CPU
		{6C52C058-CDBE-4449-B224-60E7AA40B291}.Release|Any CPU.Build.0 = Release|Any CPU
	EndGlobalSection
	GlobalSection(SolutionProperties) = preSolution
		HideSolutionNode = FALSE
	EndGlobalSection
	GlobalSection(ExtensibilityGlobals) = postSolution
		SolutionGuid = {DC6DB356-178F-4FA0-80F3-38FC14BCD434}
	EndGlobalSection
EndGlobal
